
Microsoft Visual Studio Solution File, Format Version 12.00
# Visual Studio Version 17
VisualStudioVersion = 17.3.32825.248
MinimumVisualStudioVersion = 10.0.40219.1
Project("{FAE04EC0-301F-11D3-BF4B-00C04F79EFBC}") = "Students_Info_System", "Students_Info_System\Students_Info_System.csproj", "{8F9EFA5F-33D6-4AD0-91B4-2DD55CB5E42C}"
EndProject
Global
	GlobalSection(SolutionConfigurationPlatforms) = preSolution
		Debug|Any CPU = Debug|Any CPU
		Release|Any CPU = Release|Any CPU
	EndGlobalSection
	GlobalSection(ProjectConfigurationPlatforms) = postSolution
		{8F9EFA5F-33D6-4AD0-91B4-2DD55CB5E42C}.Debug|Any CPU.ActiveCfg = Debug|Any CPU
		{8F9EFA5F-33D6-4AD0-91B4-2DD55CB5E42C}.Debug|Any CPU.Build.0 = Debug|Any CPU
		{8F9EFA5F-33D6-4AD0-91B4-2DD55CB5E42C}.Release|Any CPU.ActiveCfg = Release|Any CPU
		{8F9EFA5F-33D6-4AD0-91B4-2DD55CB5E42C}.Release|Any CPU.Build.0 = Release|Any CPU
	EndGlobalSection
	GlobalSection(SolutionProperties) = preSolution
		HideSolutionNode = FALSE
	EndGlobalSection
	GlobalSection(ExtensibilityGlobals) = postSolution
		SolutionGuid = {19D362E2-BE5F-4855-A020-6BED73B0981D}
	EndGlobalSection
EndGlobal
